Microsoft Visual Studio Solution File, Format Version 12.00
# Visual Studio Version 17
VisualStudioVersion = 17.5.2.0
MinimumVisualStudioVersion = 10.0.40219.1
Project("{FAE04EC0-301F-11D3-BF4B-00C04F79EFBC}") = "ConvertMarkdown", "ConvertMarkdown\ConvertMarkdown.csproj", "{3BB7E507-FDDB-4F34-D9E3-005A8589E76B}"
EndProject
Global
	GlobalSection(SolutionConfigurationPlatforms) = preSolution
		Debug|Any CPU = Debug|Any CPU
		Release|Any CPU = Release|Any CPU
	EndGlobalSection
	GlobalSection(ProjectConfigurationPlatforms) = postSolution
		{3BB7E507-FDDB-4F34-D9E3-005A8589E76B}.Debug|Any CPU.ActiveCfg = Debug|Any CPU
		{3BB7E507-FDDB-4F34-D9E3-005A8589E76B}.Debug|Any CPU.Build.0 = Debug|Any CPU
		{3BB7E507-FDDB-4F34-D9E3-005A8589E76B}.Release|Any CPU.ActiveCfg = Release|Any CPU
		{3BB7E507-FDDB-4F34-D9E3-005A8589E76B}.Release|Any CPU.Build.0 = Release|Any CPU
	EndGlobalSection
	GlobalSection(SolutionProperties) = preSolution
		HideSolutionNode = FALSE
	EndGlobalSection
	GlobalSection(ExtensibilityGlobals) = postSolution
		SolutionGuid = {CCDF22E4-617C-48B0-960A-B14C596CA7D2}
	EndGlobalSection
EndGlobal
